version = 1
revision = 3
requires-python = ">=3.13"

[[package]]
name = "behave"
version = "1.3.3"
source = { registry = "https://pypi.org/simple" }
dependencies = [
    { name = "colorama" },
    { name = "cucumber-expressions" },
    { name = "cucumber-tag-expressions" },
    { name = "parse" },
    { name = "parse-type" },
    { name = "six" },
]
sdist = { url = "https://files.pythonhosted.org/packages/62/51/f37442fe648b3e35ecf69bee803fa6db3f74c5b46d6c882d0bc5654185a2/behave-1.3.3.tar.gz", hash = "sha256:2b8f4b64ed2ea756a5a2a73e23defc1c4631e9e724c499e46661778453ebaf51", size = 892639, upload-time = "2025-09-04T12:12:02.531Z" }
wheels = [
    { url = "https://files.pythonhosted.org/packages/63/71/06f74ffed6d74525c5cd6677c97bd2df0b7649e47a249cf6a0c2038083b2/behave-1.3.3-py2.py3-none-any.whl", hash = "sha256:89bdb62af8fb9f147ce245736a5de69f025e5edfb66f1fbe16c5007493f842c0", size = 223594, upload-time = "2025-09-04T12:12:00.3Z" },
]

[[package]]
name = "behave-html-formatter"
version = "0.9.10"
source = { registry = "https://pypi.org/simple" }
dependencies = [
    { name = "behave" },
]
sdist = { url = "https://files.pythonhosted.org/packages/c8/53/42f94fcb2943d6fd56acc34aab0e65244c8f115b1ae9d98fa641a5874fd7/behave-html-formatter-0.9.10.tar.gz", hash = "sha256:c5a9ad3edcac7be5766b14aacce46794885c749c4741fc93f8fc3a4bf2a891aa", size = 22880, upload-time = "2022-06-30T18:44:09.594Z" }
wheels = [
    { url = "https://files.pythonhosted.org/packages/c6/03/36e1b71bff0b83fea22e747cee158942758c715bbd3d34a9fa31b44f0715/behave_html_formatter-0.9.10-py3-none-any.whl", hash = "sha256:fff7ac2118463701423645ad5a12636845bfd6c8a2dd52097b524b4f290aa7c8", size = 23268, upload-time = "2022-06-30T18:44:07.954Z" },
]

[[package]]
name = "charset-normalizer"
version = "3.4.7"
source = { registry = "https://pypi.org/simple" }
sdist = { url = "https://files.pythonhosted.org/packages/e7/a1/67fe25fac3c7642725500a3f6cfe5821ad557c3abb11c9d20d12c7008d3e/charset_normalizer-3.4.7.tar.gz", hash = "sha256:ae89db9e5f98a11a4bf50407d4363e7b09b31e55bc117b4f7d80aab97ba009e5", size = 144271, upload-time = "2026-04-02T09:28:39.342Z" }
wheels = [
    { url = "https://files.pythonhosted.org/packages/c1/3b/66777e39d3ae1ddc77ee606be4ec6d8cbd4c801f65e5a1b6f2b11b8346dd/charset_normalizer-3.4.7-cp313-cp313-macosx_10_13_universal2.whl", hash = "sha256:f496c9c3cc02230093d8330875c4c3cdfc3b73612a5fd921c65d39cbcef08063", size = 309627, upload-time = "2026-04-02T09:26:45.198Z" },
    { url = "https://files.pythonhosted.org/packages/2e/4e/b7f84e617b4854ade48a1b7915c8ccfadeba444d2a18c291f696e37f0d3b/charset_normalizer-3.4.7-cp313-cp313-manylinux2014_aarch64.manylinux_2_17_aarch64.manylinux_2_28_aarch64.whl", hash = "sha256:0ea948db76d31190bf08bd371623927ee1339d5f2a0b4b1b4a4439a65298703c", size = 207008, upload-time = "2026-04-02T09:26:46.824Z" },
    { url = "https://files.pythonhosted.org/packages/c4/bb/ec73c0257c9e11b268f018f068f5d00aa0ef8c8b09f7753ebd5f2880e248/charset_normalizer-3.4.7-cp313-cp313-manylinux2014_ppc64le.manylinux_2_17_ppc64le.manylinux_2_28_ppc64le.whl", hash = "sha256:a277ab8928b9f299723bc1a2dabb1265911b1a76341f90a510368ca44ad9ab66", size = 228303, upload-time = "2026-04-02T09:26:48.397Z" },
    { url = "https://files.pythonhosted.org/packages/85/fb/32d1f5033484494619f701e719429c69b766bfc4dbc61aa9e9c8c166528b/charset_normalizer-3.4.7-cp313-cp313-manylinux2014_s390x.manylinux_2_17_s390x.manylinux_2_28_s390x.whl", hash = "sha256:3bec022aec2c514d9cf199522a802bd007cd588ab17ab2525f20f9c34d067c18", size = 224282, upload-time = "2026-04-02T09:26:49.684Z" },
    { url = "https://files.pythonhosted.org/packages/fa/07/330e3a0dda4c404d6da83b327270906e9654a24f6c546dc886a0eb0ffb23/charset_normalizer-3.4.7-cp313-cp313-manylinux2014_x86_64.manylinux_2_17_x86_64.manylinux_2_28_x86_64.whl", hash = "sha256:e044c39e41b92c845bc815e5ae4230804e8e7bc29e399b0437d64222d92809dd", size = 215595, upload-time = "2026-04-02T09:26:50.915Z" },
    { url = "https://files.pythonhosted.org/packages/e3/7c/fc890655786e423f02556e0216d4b8c6bcb6bdfa890160dc66bf52dee468/charset_normalizer-3.4.7-cp313-cp313-manylinux_2_31_armv7l.whl", hash = "sha256:f495a1652cf3fbab2eb0639776dad966c2fb874d79d87ca07f9d5f059b8bd215", size = 201986, upload-time = "2026-04-02T09:26:52.197Z" },
    { url = "https://files.pythonhosted.org/packages/d8/97/bfb18b3db2aed3b90cf54dc292ad79fdd5ad65c4eae454099475cbeadd0d/charset_normalizer-3.4.7-cp313-cp313-manylinux_2_31_riscv64.manylinux_2_39_riscv64.whl", hash = "sha256:e712b419df8ba5e42b226c510472b37bd57b38e897d3eca5e8cfd410a29fa859", size = 211711, upload-time = "2026-04-02T09:26:53.49Z" },
    { url = "https://files.pythonhosted.org/packages/6f/a5/a581c13798546a7fd557c82614a5c65a13df2157e9ad6373166d2a3e645d/charset_normalizer-3.4.7-cp313-cp313-musllinux_1_2_aarch64.whl", hash = "sha256:7804338df6fcc08105c7745f1502ba68d900f45fd770d5bdd5288ddccb8a42d8", size = 210036, upload-time = "2026-04-02T09:26:54.975Z" },
    { url = "https://files.pythonhosted.org/packages/8c/bf/b3ab5bcb478e4193d517644b0fb2bf5497fbceeaa7a1bc0f4d5b50953861/charset_normalizer-3.4.7-cp313-cp313-musllinux_1_2_armv7l.whl", hash = "sha256:481551899c856c704d58119b5025793fa6730adda3571971af568f66d2424bb5", size = 202998, upload-time = "2026-04-02T09:26:56.303Z" },
    { url = "https://files.pythonhosted.org/packages/e7/4e/23efd79b65d314fa320ec6017b4b5834d5c12a58ba4610aa353af2e2f577/charset_normalizer-3.4.7-cp313-cp313-musllinux_1_2_ppc64le.whl", hash = "sha256:f59099f9b66f0d7145115e6f80dd8b1d847176df89b234a5a6b3f00437aa0832", size = 230056, upload-time = "2026-04-02T09:26:57.554Z" },
    { url = "https://files.pythonhosted.org/packages/b9/9f/1e1941bc3f0e01df116e68dc37a55c4d249df5e6fa77f008841aef68264f/charset_normalizer-3.4.7-cp313-cp313-musllinux_1_2_riscv64.whl", hash = "sha256:f59ad4c0e8f6bba240a9bb85504faa1ab438237199d4cce5f622761507b8f6a6", size = 211537, upload-time = "2026-04-02T09:26:58.843Z" },
    { url = "https://files.pythonhosted.org/packages/80/0f/088cbb3020d44428964a6c97fe1edfb1b9550396bf6d278330281e8b709c/charset_normalizer-3.4.7-cp313-cp313-musllinux_1_2_s390x.whl", hash = "sha256:3dedcc22d73ec993f42055eff4fcfed9318d1eeb9a6606c55892a26964964e48", size = 226176, upload-time = "2026-04-02T09:27:00.437Z" },
    { url = "https://files.pythonhosted.org/packages/6a/9f/130394f9bbe06f4f63e22641d32fc9b202b7e251c9aef4db044324dac493/charset_normalizer-3.4.7-cp313-cp313-musllinux_1_2_x86_64.whl", hash = "sha256:64f02c6841d7d83f832cd97ccf8eb8a906d06eb95d5276069175c696b024b60a", size = 217723, upload-time = "2026-04-02T09:27:02.021Z" },
    { url = "https://files.pythonhosted.org/packages/73/55/c469897448a06e49f8fa03f6caae97074fde823f432a98f979cc42b90e69/charset_normalizer-3.4.7-cp313-cp313-win32.whl", hash = "sha256:4042d5c8f957e15221d423ba781e85d553722fc4113f523f2feb7b188cc34c5e", size = 148085, upload-time = "2026-04-02T09:27:03.192Z" },
    { url = "https://files.pythonhosted.org/packages/5d/78/1b74c5bbb3f99b77a1715c91b3e0b5bdb6fe302d95ace4f5b1bec37b0167/charset_normalizer-3.4.7-cp313-cp313-win_amd64.whl", hash = "sha256:3946fa46a0cf3e4c8cb1cc52f56bb536310d34f25f01ca9b6c16afa767dab110", size = 158819, upload-time = "2026-04-02T09:27:04.454Z" },
    { url = "https://files.pythonhosted.org/packages/68/86/46bd42279d323deb8687c4a5a811fd548cb7d1de10cf6535d099877a9a9f/charset_normalizer-3.4.7-cp313-cp313-win_arm64.whl", hash = "sha256:80d04837f55fc81da168b98de4f4b797ef007fc8a79ab71c6ec9bc4dd662b15b", size = 147915, upload-time = "2026-04-02T09:27:05.971Z" },
    { url = "https://files.pythonhosted.org/packages/97/c8/c67cb8c70e19ef1960b97b22ed2a1567711de46c4ddf19799923adc836c2/charset_normalizer-3.4.7-cp314-cp314-macosx_10_15_universal2.whl", hash = "sha256:c36c333c39be2dbca264d7803333c896ab8fa7d4d6f0ab7edb7dfd7aea6e98c0", size = 309234, upload-time = "2026-04-02T09:27:07.194Z" },
    { url = "https://files.pythonhosted.org/packages/99/85/c091fdee33f20de70d6c8b522743b6f831a2f1cd3ff86de4c6a827c48a76/charset_normalizer-3.4.7-cp314-cp314-manylinux2014_aarch64.manylinux_2_17_aarch64.manylinux_2_28_aarch64.whl", hash = "sha256:1c2aed2e5e41f24ea8ef1590b8e848a79b56f3a5564a65ceec43c9d692dc7d8a", size = 208042, upload-time = "2026-04-02T09:27:08.749Z" },
    { url = "https://files.pythonhosted.org/packages/87/1c/ab2ce611b984d2fd5d86a5a8a19c1ae26acac6bad967da4967562c75114d/charset_normalizer-3.4.7-cp314-cp314-manylinux2014_ppc64le.manylinux_2_17_ppc64le.manylinux_2_28_ppc64le.whl", hash = "sha256:54523e136b8948060c0fa0bc7b1b50c32c186f2fceee897a495406bb6e311d2b", size = 228706, upload-time = "2026-04-02T09:27:09.951Z" },
    { url = "https://files.pythonhosted.org/packages/a8/29/2b1d2cb00bf085f59d29eb773ce58ec2d325430f8c216804a0a5cd83cbca/charset_normalizer-3.4.7-cp314-cp314-manylinux2014_s390x.manylinux_2_17_s390x.manylinux_2_28_s390x.whl", hash = "sha256:715479b9a2802ecac752a3b0efa2b0b60285cf962ee38414211abdfccc233b41", size = 224727, upload-time = "2026-04-02T09:27:11.175Z" },
    { url = "https://files.pythonhosted.org/packages/47/5c/032c2d5a07fe4d4855fea851209cca2b6f03ebeb6d4e3afdb3358386a684/charset_normalizer-3.4.7-cp314-cp314-manylinux2014_x86_64.manylinux_2_17_x86_64.manylinux_2_28_x86_64.whl", hash = "sha256:bd6c2a1c7573c64738d716488d2cdd3c00e340e4835707d8fdb8dc1a66ef164e", size = 215882, upload-time = "2026-04-02T09:27:12.446Z" },
    { url = "https://files.pythonhosted.org/packages/2c/c2/356065d5a8b78ed04499cae5f339f091946a6a74f91e03476c33f0ab7100/charset_normalizer-3.4.7-cp314-cp314-manylinux_2_31_armv7l.whl", hash = "sha256:c45e9440fb78f8ddabcf714b68f936737a121355bf59f3907f4e17721b9d1aae", size = 200860, upload-time = "2026-04-02T09:27:13.721Z" },
    { url = "https://files.pythonhosted.org/packages/0c/cd/a32a84217ced5039f53b29f460962abb2d4420def55afabe45b1c3c7483d/charset_normalizer-3.4.7-cp314-cp314-manylinux_2_31_riscv64.manylinux_2_39_riscv64.whl", hash = "sha256:3534e7dcbdcf757da6b85a0bbf5b6868786d5982dd959b065e65481644817a18", size = 211564, upload-time = "2026-04-02T09:27:15.272Z" },
    { url = "https://files.pythonhosted.org/packages/44/86/58e6f13ce26cc3b8f4a36b94a0f22ae2f00a72534520f4ae6857c4b81f89/charset_normalizer-3.4.7-cp314-cp314-musllinux_1_2_aarch64.whl", hash = "sha256:e8ac484bf18ce6975760921bb6148041faa8fef0547200386ea0b52b5d27bf7b", size = 211276, upload-time = "2026-04-02T09:27:16.834Z" },
    { url = "https://files.pythonhosted.org/packages/8f/fe/d17c32dc72e17e155e06883efa84514ca375f8a528ba2546bee73fc4df81/charset_normalizer-3.4.7-cp314-cp314-musllinux_1_2_armv7l.whl", hash = "sha256:a5fe03b42827c13cdccd08e6c0247b6a6d4b5e3cdc53fd1749f5896adcdc2356", size = 201238, upload-time = "2026-04-02T09:27:18.229Z" },
    { url = "https://files.pythonhosted.org/packages/6a/29/f33daa50b06525a237451cdb6c69da366c381a3dadcd833fa5676bc468b3/charset_normalizer-3.4.7-cp314-cp314-musllinux_1_2_ppc64le.whl", hash = "sha256:2d6eb928e13016cea4f1f21d1e10c1cebd5a421bc57ddf5b1142ae3f86824fab", size = 230189, upload-time = "2026-04-02T09:27:19.445Z" },
    { url = "https://files.pythonhosted.org/packages/b6/6e/52c84015394a6a0bdcd435210a7e944c5f94ea1055f5cc5d56c5fe368e7b/charset_normalizer-3.4.7-cp314-cp314-musllinux_1_2_riscv64.whl", hash = "sha256:e74327fb75de8986940def6e8dee4f127cc9752bee7355bb323cc5b2659b6d46", size = 211352, upload-time = "2026-04-02T09:27:20.79Z" },
    { url = "https://files.pythonhosted.org/packages/8c/d7/4353be581b373033fb9198bf1da3cf8f09c1082561e8e922aa7b39bf9fe8/charset_normalizer-3.4.7-cp314-cp314-musllinux_1_2_s390x.whl", hash = "sha256:d6038d37043bced98a66e68d3aa2b6a35505dc01328cd65217cefe82f25def44", size = 227024, upload-time = "2026-04-02T09:27:22.063Z" },
    { url = "https://files.pythonhosted.org/packages/30/45/99d18aa925bd1740098ccd3060e238e21115fffbfdcb8f3ece837d0ace6c/charset_normalizer-3.4.7-cp314-cp314-musllinux_1_2_x86_64.whl", hash = "sha256:7579e913a5339fb8fa133f6bbcfd8e6749696206cf05acdbdca71a1b436d8e72", size = 217869, upload-time = "2026-04-02T09:27:23.486Z" },
    { url = "https://files.pythonhosted.org/packages/5c/05/5ee478aa53f4bb7996482153d4bfe1b89e0f087f0ab6b294fcf92d595873/charset_normalizer-3.4.7-cp314-cp314-win32.whl", hash = "sha256:5b77459df20e08151cd6f8b9ef8ef1f961ef73d85c21a555c7eed5b79410ec10", size = 148541, upload-time = "2026-04-02T09:27:25.146Z" },
    { url = "https://files.pythonhosted.org/packages/48/77/72dcb0921b2ce86420b2d79d454c7022bf5be40202a2a07906b9f2a35c97/charset_normalizer-3.4.7-cp314-cp314-win_amd64.whl", hash = "sha256:92a0a01ead5e668468e952e4238cccd7c537364eb7d851ab144ab6627dbbe12f", size = 159634, upload-time = "2026-04-02T09:27:26.642Z" },
    { url = "https://files.pythonhosted.org/packages/c6/a3/c2369911cd72f02386e4e340770f6e158c7980267da16af8f668217abaa0/charset_normalizer-3.4.7-cp314-cp314-win_arm64.whl", hash = "sha256:67f6279d125ca0046a7fd386d01b311c6363844deac3e5b069b514ba3e63c246", size = 148384, upload-time = "2026-04-02T09:27:28.271Z" },
    { url = "https://files.pythonhosted.org/packages/94/09/7e8a7f73d24dba1f0035fbbf014d2c36828fc1bf9c88f84093e57d315935/charset_normalizer-3.4.7-cp314-cp314t-macosx_10_15_universal2.whl", hash = "sha256:effc3f449787117233702311a1b7d8f59cba9ced946ba727bdc329ec69028e24", size = 330133, upload-time = "2026-04-02T09:27:29.474Z" },
    { url = "https://files.pythonhosted.org/packages/8d/da/96975ddb11f8e977f706f45cddd8540fd8242f71ecdb5d18a80723dcf62c/charset_normalizer-3.4.7-cp314-cp314t-manylinux2014_aarch64.manylinux_2_17_aarch64.manylinux_2_28_aarch64.whl", hash = "sha256:fbccdc05410c9ee21bbf16a35f4c1d16123dcdeb8a1d38f33654fa21d0234f79", size = 216257, upload-time = "2026-04-02T09:27:30.793Z" },
    { url = "https://files.pythonhosted.org/packages/e5/e8/1d63bf8ef2d388e95c64b2098f45f84758f6d102a087552da1485912637b/charset_normalizer-3.4.7-cp314-cp314t-manylinux2014_ppc64le.manylinux_2_17_ppc64le.manylinux_2_28_ppc64le.whl", hash = "sha256:733784b6d6def852c814bce5f318d25da2ee65dd4839a0718641c696e09a2960", size = 234851, upload-time = "2026-04-02T09:27:32.44Z" },
    { url = "https://files.pythonhosted.org/packages/9b/40/e5ff04233e70da2681fa43969ad6f66ca5611d7e669be0246c4c7aaf6dc8/charset_normalizer-3.4.7-cp314-cp314t-manylinux2014_s390x.manylinux_2_17_s390x.manylinux_2_28_s390x.whl", hash = "sha256:a89c23ef8d2c6b27fd200a42aa4ac72786e7c60d40efdc76e6011260b6e949c4", size = 233393, upload-time = "2026-04-02T09:27:34.03Z" },
    { url = "https://files.pythonhosted.org/packages/be/c1/06c6c49d5a5450f76899992f1ee40b41d076aee9279b49cf9974d2f313d5/charset_normalizer-3.4.7-cp314-cp314t-manylinux2014_x86_64.manylinux_2_17_x86_64.manylinux_2_28_x86_64.whl", hash = "sha256:6c114670c45346afedc0d947faf3c7f701051d2518b943679c8ff88befe14f8e", size = 223251, upload-time = "2026-04-02T09:27:35.369Z" },
    { url = "https://files.pythonhosted.org/packages/2b/9f/f2ff16fb050946169e3e1f82134d107e5d4ae72647ec8a1b1446c148480f/charset_normalizer-3.4.7-cp314-cp314t-manylinux_2_31_armv7l.whl", hash = "sha256:a180c5e59792af262bf263b21a3c49353f25945d8d9f70628e73de370d55e1e1", size = 206609, upload-time = "2026-04-02T09:27:36.661Z" },
    { url = "https://files.pythonhosted.org/packages/69/d5/a527c0cd8d64d2eab7459784fb4169a0ac76e5a6fc5237337982fd61347e/charset_normalizer-3.4.7-cp314-cp314t-manylinux_2_31_riscv64.manylinux_2_39_riscv64.whl", hash = "sha256:3c9a494bc5ec77d43cea229c4f6db1e4d8fe7e1bbffa8b6f0f0032430ff8ab44", size = 220014, upload-time = "2026-04-02T09:27:38.019Z" },
    { url = "https://files.pythonhosted.org/packages/7e/80/8a7b8104a3e203074dc9aa2c613d4b726c0e136bad1cc734594b02867972/charset_normalizer-3.4.7-cp314-cp314t-musllinux_1_2_aarch64.whl", hash = "sha256:8d828b6667a32a728a1ad1d93957cdf37489c57b97ae6c4de2860fa749b8fc1e", size = 218979, upload-time = "2026-04-02T09:27:39.37Z" },
    { url = "https://files.pythonhosted.org/packages/02/9a/b759b503d507f375b2b5c153e4d2ee0a75aa215b7f2489cf314f4541f2c0/charset_normalizer-3.4.7-cp314-cp314t-musllinux_1_2_armv7l.whl", hash = "sha256:cf1493cd8607bec4d8a7b9b004e699fcf8f9103a9284cc94962cb73d20f9d4a3", size = 209238, upload-time = "2026-04-02T09:27:40.722Z" },
    { url = "https://files.pythonhosted.org/packages/c2/4e/0f3f5d47b86bdb79256e7290b26ac847a2832d9a4033f7eb2cd4bcf4bb5b/charset_normalizer-3.4.7-cp314-cp314t-musllinux_1_2_ppc64le.whl", hash = "sha256:0c96c3b819b5c3e9e165495db84d41914d6894d55181d2d108cc1a69bfc9cce0", size = 236110, upload-time = "2026-04-02T09:27:42.33Z" },
    { url = "https://files.pythonhosted.org/packages/96/23/bce28734eb3ed2c91dcf93abeb8a5cf393a7b2749725030bb630e554fdd8/charset_normalizer-3.4.7-cp314-cp314t-musllinux_1_2_riscv64.whl", hash = "sha256:752a45dc4a6934060b3b0dab47e04edc3326575f82be64bc4fc293914566503e", size = 219824, upload-time = "2026-04-02T09:27:43.924Z" },
    { url = "https://files.pythonhosted.org/packages/2c/6f/6e897c6984cc4d41af319b077f2f600fc8214eb2fe2d6bcb79141b882400/charset_normalizer-3.4.7-cp314-cp314t-musllinux_1_2_s390x.whl", hash = "sha256:8778f0c7a52e56f75d12dae53ae320fae900a8b9b4164b981b9c5ce059cd1fcb", size = 233103, upload-time = "2026-04-02T09:27:45.348Z" },
    { url = "https://files.pythonhosted.org/packages/76/22/ef7bd0fe480a0ae9b656189ec00744b60933f68b4f42a7bb06589f6f576a/charset_normalizer-3.4.7-cp314-cp314t-musllinux_1_2_x86_64.whl", hash = "sha256:ce3412fbe1e31eb81ea42f4169ed94861c56e643189e1e75f0041f3fe7020abe", size = 225194, upload-time = "2026-04-02T09:27:46.706Z" },
    { url = "https://files.pythonhosted.org/packages/c5/a7/0e0ab3e0b5bc1219bd80a6a0d4d72ca74d9250cb2382b7c699c147e06017/charset_normalizer-3.4.7-cp314-cp314t-win32.whl", hash = "sha256:c03a41a8784091e67a39648f70c5f97b5b6a37f216896d44d2cdcb82615339a0", size = 159827, upload-time = "2026-04-02T09:27:48.053Z" },
    { url = "https://files.pythonhosted.org/packages/7a/1d/29d32e0fb40864b1f878c7f5a0b343ae676c6e2b271a2d55cc3a152391da/charset_normalizer-3.4.7-cp314-cp314t-win_amd64.whl", hash = "sha256:03853ed82eeebbce3c2abfdbc98c96dc205f32a79627688ac9a27370ea61a49c", size = 174168, upload-time = "2026-04-02T09:27:49.795Z" },
    { url = "https://files.pythonhosted.org/packages/de/32/d92444ad05c7a6e41fb2036749777c163baf7a0301a040cb672d6b2b1ae9/charset_normalizer-3.4.7-cp314-cp314t-win_arm64.whl", hash = "sha256:c35abb8bfff0185efac5878da64c45dafd2b37fb0383add1be155a763c1f083d", size = 153018, upload-time = "2026-04-02T09:27:51.116Z" },
    { url = "https://files.pythonhosted.org/packages/db/8f/61959034484a4a7c527811f4721e75d02d653a35afb0b6054474d8185d4c/charset_normalizer-3.4.7-py3-none-any.whl", hash = "sha256:3dce51d0f5e7951f8bb4900c257dad282f49190fdbebecd4ba99bcc41fef404d", size = 61958, upload-time = "2026-04-02T09:28:37.794Z" },
]

[[package]]
name = "colorama"
version = "0.4.6"
source = { registry = "https://pypi.org/simple" }
sdist = { url = "https://files.pythonhosted.org/packages/d8/53/6f443c9a4a8358a93a6792e2acffb9d9d5cb0a5cfd8802644b7b1c9a02e4/colorama-0.4.6.tar.gz", hash = "sha256:08695f5cb7ed6e0531a20572697297273c47b8cae5a63ffc6d6ed5c201be6e44", size = 27697, upload-time = "2022-10-25T02:36:22.414Z" }
wheels = [
    { url = "https://files.pythonhosted.org/packages/d1/d6/3965ed04c63042e047cb6a3e6ed1a63a35087b6a609aa3a15ed8ac56c221/colorama-0.4.6-py2.py3-none-any.whl", hash = "sha256:4f1d9991f5acc0ca119f9d443620b77f9d6b33703e51011c16baf57afb285fc6", size = 25335, upload-time = "2022-10-25T02:36:20.889Z" },
]

[[package]]
name = "cucumber-expressions"
version = "19.0.1"
source = { registry = "https://pypi.org/simple" }
sdist = { url = "https://files.pythonhosted.org/packages/e4/85/6e7f4ef1b673a45c716e5c9c8998918dd092530b7ab4c2203bdf1dbca2f9/cucumber_expressions-19.0.1.tar.gz", hash = "sha256:4b5283aed366a6fc37d02d6c42d58a9a2fdca1d17535aaace9b61daabc947cd4", size = 13743, upload-time = "2026-05-22T19:46:29.444Z" }
wheels = [
    { url = "https://files.pythonhosted.org/packages/1d/e4/1d68e3aa62b4cb8cee0b3b36170eb101adbfb36d59ec84848ec63cc02d5b/cucumber_expressions-19.0.1-py3-none-any.whl", hash = "sha256:391edfdd750d0e12b97254e80470337f82315552a4d55404da363369dc84460d", size = 20242, upload-time = "2026-05-22T19:46:30.151Z" },
]

[[package]]
name = "cucumber-tag-expressions"
version = "9.1.0"
source = { registry = "https://pypi.org/simple" }
sdist = { url = "https://files.pythonhosted.org/packages/b1/e0/de0b292a533846def28a4373a00c883ffa5ed986ca79f0284bd69a6297b8/cucumber_tag_expressions-9.1.0.tar.gz", hash = "sha256:d960383d5885300ebcbcb14e41657946fde2a59d5c0f485eb291bc6a0e228acc", size = 8437, upload-time = "2026-02-17T21:59:06.072Z" }
wheels = [
    { url = "https://files.pythonhosted.org/packages/6b/cf/8e8d034f7d55fceb2e4765bf9fab5da6d6a09204cd09de7bb5054f242cd0/cucumber_tag_expressions-9.1.0-py3-none-any.whl", hash = "sha256:cca145d677a942c1877e5a2cf13da8c6ec99260988877c817efd284d8455bb56", size = 9726, upload-time = "2026-02-17T21:59:04.755Z" },
]

[[package]]
name = "parse"
version = "1.22.1"
source = { registry = "https://pypi.org/simple" }
sdist = { url = "https://files.pythonhosted.org/packages/a4/f2/0b504486c2a5564798607d3860e48ed19c6443d5e9cc3ec61cc6b8b4ef58/parse-1.22.1.tar.gz", hash = "sha256:d3a4740ec3da338e2b258b2d69741b731eadfddca59e24a14bc4ee5fce38c911", size = 36970, upload-time = "2026-05-26T03:44:52.624Z" }
wheels = [
    { url = "https://files.pythonhosted.org/packages/6f/c5/7c16e99869e1f422629092cfd23e3b58e461988c3f9c36fd3624bb4142e6/parse-1.22.1-py2.py3-none-any.whl", hash = "sha256:20f0925a46f06602485ac90d751764d0697fd8455aaa97489ba8953a4b66de32", size = 20925, upload-time = "2026-05-26T03:44:51.156Z" },
]

[[package]]
name = "parse-type"
version = "0.6.6"
source = { registry = "https://pypi.org/simple" }
dependencies = [
    { name = "parse" },
    { name = "six" },
]
sdist = { url = "https://files.pythonhosted.org/packages/19/ea/42ba6ce0abba04ab6e0b997dcb9b528a4661b62af1fe1b0d498120d5ea78/parse_type-0.6.6.tar.gz", hash = "sha256:513a3784104839770d690e04339a8b4d33439fcd5dd99f2e4580f9fc1097bfb2", size = 98012, upload-time = "2025-08-11T22:53:48.066Z" }
wheels = [
    { url = "https://files.pythonhosted.org/packages/85/8d/eef3d8cdccc32abdd91b1286884c99b8c3a6d3b135affcc2a7a0f383bb32/parse_type-0.6.6-py2.py3-none-any.whl", hash = "sha256:3ca79bbe71e170dfccc8ec6c341edfd1c2a0fc1e5cfd18330f93af938de2348c", size = 27085, upload-time = "2025-08-11T22:53:46.396Z" },
]

[[package]]
name = "pillow"
version = "12.2.0"
source = { registry = "https://pypi.org/simple" }
sdist = { url = "https://files.pythonhosted.org/packages/8c/21/c2bcdd5906101a30244eaffc1b6e6ce71a31bd0742a01eb89e660ebfac2d/pillow-12.2.0.tar.gz", hash = "sha256:a830b1a40919539d07806aa58e1b114df53ddd43213d9c8b75847eee6c0182b5", size = 46987819, upload-time = "2026-04-01T14:46:17.687Z" }
wheels = [
    { url = "https://files.pythonhosted.org/packages/4a/01/53d10cf0dbad820a8db274d259a37ba50b88b24768ddccec07355382d5ad/pillow-12.2.0-cp313-cp313-ios_13_0_arm64_iphoneos.whl", hash = "sha256:8297651f5b5679c19968abefd6bb84d95fe30ef712eb1b2d9b2d31ca61267f4c", size = 4100837, upload-time = "2026-04-01T14:43:41.506Z" },
    { url = "https://files.pythonhosted.org/packages/0f/98/f3a6657ecb698c937f6c76ee564882945f29b79bad496abcba0e84659ec5/pillow-12.2.0-cp313-cp313-ios_13_0_arm64_iphonesimulator.whl", hash = "sha256:50d8520da2a6ce0af445fa6d648c4273c3eeefbc32d7ce049f22e8b5c3daecc2", size = 4176528, upload-time = "2026-04-01T14:43:43.773Z" },
    { url = "https://files.pythonhosted.org/packages/69/bc/8986948f05e3ea490b8442ea1c1d4d990b24a7e43d8a51b2c7d8b1dced36/pillow-12.2.0-cp313-cp313-ios_13_0_x86_64_iphonesimulator.whl", hash = "sha256:766cef22385fa1091258ad7e6216792b156dc16d8d3fa607e7545b2b72061f1c", size = 3640401, upload-time = "2026-04-01T14:43:45.87Z" },
    { url = "https://files.pythonhosted.org/packages/34/46/6c717baadcd62bc8ed51d238d521ab651eaa74838291bda1f86fe1f864c9/pillow-12.2.0-cp313-cp313-macosx_10_13_x86_64.whl", hash = "sha256:5d2fd0fa6b5d9d1de415060363433f28da8b1526c1c129020435e186794b3795", size = 5308094, upload-time = "2026-04-01T14:43:48.438Z" },
    { url = "https://files.pythonhosted.org/packages/71/43/905a14a8b17fdb1ccb58d282454490662d2cb89a6bfec26af6d3520da5ec/pillow-12.2.0-cp313-cp313-macosx_11_0_arm64.whl", hash = "sha256:56b25336f502b6ed02e889f4ece894a72612fe885889a6e8c4c80239ff6e5f5f", size = 4695402, upload-time = "2026-04-01T14:43:51.292Z" },
    { url = "https://files.pythonhosted.org/packages/73/dd/42107efcb777b16fa0393317eac58f5b5cf30e8392e266e76e51cff28c3d/pillow-12.2.0-cp313-cp313-manylinux2014_aarch64.manylinux_2_17_aarch64.whl", hash = "sha256:f1c943e96e85df3d3478f7b691f229887e143f81fedab9b20205349ab04d73ed", size = 6280005, upload-time = "2026-04-01T14:43:54.242Z" },
    { url = "https://files.pythonhosted.org/packages/a8/68/b93e09e5e8549019e61acf49f65b1a8530765a7f812c77a7461bca7e4494/pillow-12.2.0-cp313-cp313-manylinux2014_x86_64.manylinux_2_17_x86_64.whl", hash = "sha256:03f6fab9219220f041c74aeaa2939ff0062bd5c364ba9ce037197f4c6d498cd9", size = 8090669, upload-time = "2026-04-01T14:43:57.335Z" },
    { url = "https://files.pythonhosted.org/packages/4b/6e/3ccb54ce8ec4ddd1accd2d89004308b7b0b21c4ac3d20fa70af4760a4330/pillow-12.2.0-cp313-cp313-manylinux_2_27_aarch64.manylinux_2_28_aarch64.whl", hash = "sha256:5cdfebd752ec52bf5bb4e35d9c64b40826bc5b40a13df7c3cda20a2c03a0f5ed", size = 6395194, upload-time = "2026-04-01T14:43:59.864Z" },
    { url = "https://files.pythonhosted.org/packages/67/ee/21d4e8536afd1a328f01b359b4d3997b291ffd35a237c877b331c1c3b71c/pillow-12.2.0-cp313-cp313-manylinux_2_27_x86_64.manylinux_2_28_x86_64.whl", hash = "sha256:eedf4b74eda2b5a4b2b2fb4c006d6295df3bf29e459e198c90ea48e130dc75c3", size = 7082423, upload-time = "2026-04-01T14:44:02.74Z" },
    { url = "https://files.pythonhosted.org/packages/78/5f/e9f86ab0146464e8c133fe85df987ed9e77e08b29d8d35f9f9f4d6f917ba/pillow-12.2.0-cp313-cp313-musllinux_1_2_aarch64.whl", hash = "sha256:00a2865911330191c0b818c59103b58a5e697cae67042366970a6b6f1b20b7f9", size = 6505667, upload-time = "2026-04-01T14:44:05.381Z" },
    { url = "https://files.pythonhosted.org/packages/ed/1e/409007f56a2fdce61584fd3acbc2bbc259857d555196cedcadc68c015c82/pillow-12.2.0-cp313-cp313-musllinux_1_2_x86_64.whl", hash = "sha256:1e1757442ed87f4912397c6d35a0db6a7b52592156014706f17658ff58bbf795", size = 7208580, upload-time = "2026-04-01T14:44:08.39Z" },
    { url = "https://files.pythonhosted.org/packages/23/c4/7349421080b12fb35414607b8871e9534546c128a11965fd4a7002ccfbee/pillow-12.2.0-cp313-cp313-win32.whl", hash = "sha256:144748b3af2d1b358d41286056d0003f47cb339b8c43a9ea42f5fea4d8c66b6e", size = 6375896, upload-time = "2026-04-01T14:44:11.197Z" },
    { url = "https://files.pythonhosted.org/packages/3f/82/8a3739a5e470b3c6cbb1d21d315800d8e16bff503d1f16b03a4ec3212786/pillow-12.2.0-cp313-cp313-win_amd64.whl", hash = "sha256:390ede346628ccc626e5730107cde16c42d3836b89662a115a921f28440e6a3b", size = 7081266, upload-time = "2026-04-01T14:44:13.947Z" },
    { url = "https://files.pythonhosted.org/packages/c3/25/f968f618a062574294592f668218f8af564830ccebdd1fa6200f598e65c5/pillow-12.2.0-cp313-cp313-win_arm64.whl", hash = "sha256:8023abc91fba39036dbce14a7d6535632f99c0b857807cbbbf21ecc9f4717f06", size = 2463508, upload-time = "2026-04-01T14:44:16.312Z" },
    { url = "https://files.pythonhosted.org/packages/4d/a4/b342930964e3cb4dce5038ae34b0eab4653334995336cd486c5a8c25a00c/pillow-12.2.0-cp313-cp313t-macosx_10_13_x86_64.whl", hash = "sha256:042db20a421b9bafecc4b84a8b6e444686bd9d836c7fd24542db3e7df7baad9b", size = 5309927, upload-time = "2026-04-01T14:44:18.89Z" },
    { url = "https://files.pythonhosted.org/packages/9f/de/23198e0a65a9cf06123f5435a5d95cea62a635697f8f03d134d3f3a96151/pillow-12.2.0-cp313-cp313t-macosx_11_0_arm64.whl", hash = "sha256:dd025009355c926a84a612fecf58bb315a3f6814b17ead51a8e48d3823d9087f", size = 4698624, upload-time = "2026-04-01T14:44:21.115Z" },
    { url = "https://files.pythonhosted.org/packages/01/a6/1265e977f17d93ea37aa28aa81bad4fa597933879fac2520d24e021c8da3/pillow-12.2.0-cp313-cp313t-manylinux2014_aarch64.manylinux_2_17_aarch64.whl", hash = "sha256:88ddbc66737e277852913bd1e07c150cc7bb124539f94c4e2df5344494e0a612", size = 6321252, upload-time = "2026-04-01T14:44:23.663Z" },
    { url = "https://files.pythonhosted.org/packages/3c/83/5982eb4a285967baa70340320be9f88e57665a387e3a53a7f0db8231a0cd/pillow-12.2.0-cp313-cp313t-manylinux2014_x86_64.manylinux_2_17_x86_64.whl", hash = "sha256:d362d1878f00c142b7e1a16e6e5e780f02be8195123f164edf7eddd911eefe7c", size = 8126550, upload-time = "2026-04-01T14:44:26.772Z" },
    { url = "https://files.pythonhosted.org/packages/4e/48/6ffc514adce69f6050d0753b1a18fd920fce8cac87620d5a31231b04bfc5/pillow-12.2.0-cp313-cp313t-manylinux_2_27_aarch64.manylinux_2_28_aarch64.whl", hash = "sha256:2c727a6d53cb0018aadd8018c2b938376af27914a68a492f59dfcaca650d5eea", size = 6433114, upload-time = "2026-04-01T14:44:29.615Z" },
    { url = "https://files.pythonhosted.org/packages/36/a3/f9a77144231fb8d40ee27107b4463e205fa4677e2ca2548e14da5cf18dce/pillow-12.2.0-cp313-cp313t-manylinux_2_27_x86_64.manylinux_2_28_x86_64.whl", hash = "sha256:efd8c21c98c5cc60653bcb311bef2ce0401642b7ce9d09e03a7da87c878289d4", size = 7115667, upload-time = "2026-04-01T14:44:32.773Z" },
    { url = "https://files.pythonhosted.org/packages/c1/fc/ac4ee3041e7d5a565e1c4fd72a113f03b6394cc72ab7089d27608f8aaccb/pillow-12.2.0-cp313-cp313t-musllinux_1_2_aarch64.whl", hash = "sha256:9f08483a632889536b8139663db60f6724bfcb443c96f1b18855860d7d5c0fd4", size = 6538966, upload-time = "2026-04-01T14:44:35.252Z" },
    { url = "https://files.pythonhosted.org/packages/c0/a8/27fb307055087f3668f6d0a8ccb636e7431d56ed0750e07a60547b1e083e/pillow-12.2.0-cp313-cp313t-musllinux_1_2_x86_64.whl", hash = "sha256:dac8d77255a37e81a2efcbd1fc05f1c15ee82200e6c240d7e127e25e365c39ea", size = 7238241, upload-time = "2026-04-01T14:44:37.875Z" },
    { url = "https://files.pythonhosted.org/packages/ad/4b/926ab182c07fccae9fcb120043464e1ff1564775ec8864f21a0ebce6ac25/pillow-12.2.0-cp313-cp313t-win32.whl", hash = "sha256:ee3120ae9dff32f121610bb08e4313be87e03efeadfc6c0d18f89127e24d0c24", size = 6379592, upload-time = "2026-04-01T14:44:40.336Z" },
    { url = "https://files.pythonhosted.org/packages/c2/c4/f9e476451a098181b30050cc4c9a3556b64c02cf6497ea421ac047e89e4b/pillow-12.2.0-cp313-cp313t-win_amd64.whl", hash = "sha256:325ca0528c6788d2a6c3d40e3568639398137346c3d6e66bb61db96b96511c98", size = 7085542, upload-time = "2026-04-01T14:44:43.251Z" },
    { url = "https://files.pythonhosted.org/packages/00/a4/285f12aeacbe2d6dc36c407dfbbe9e96d4a80b0fb710a337f6d2ad978c75/pillow-12.2.0-cp313-cp313t-win_arm64.whl", hash = "sha256:2e5a76d03a6c6dcef67edabda7a52494afa4035021a79c8558e14af25313d453", size = 2465765, upload-time = "2026-04-01T14:44:45.996Z" },
    { url = "https://files.pythonhosted.org/packages/bf/98/4595daa2365416a86cb0d495248a393dfc84e96d62ad080c8546256cb9c0/pillow-12.2.0-cp314-cp314-ios_13_0_arm64_iphoneos.whl", hash = "sha256:3adc9215e8be0448ed6e814966ecf3d9952f0ea40eb14e89a102b87f450660d8", size = 4100848, upload-time = "2026-04-01T14:44:48.48Z" },
    { url = "https://files.pythonhosted.org/packages/0b/79/40184d464cf89f6663e18dfcf7ca21aae2491fff1a16127681bf1fa9b8cf/pillow-12.2.0-cp314-cp314-ios_13_0_arm64_iphonesimulator.whl", hash = "sha256:6a9adfc6d24b10f89588096364cc726174118c62130c817c2837c60cf08a392b", size = 4176515, upload-time = "2026-04-01T14:44:51.353Z" },
    { url = "https://files.pythonhosted.org/packages/b0/63/703f86fd4c422a9cf722833670f4f71418fb116b2853ff7da722ea43f184/pillow-12.2.0-cp314-cp314-ios_13_0_x86_64_iphonesimulator.whl", hash = "sha256:6a6e67ea2e6feda684ed370f9a1c52e7a243631c025ba42149a2cc5934dec295", size = 3640159, upload-time = "2026-04-01T14:44:53.588Z" },
    { url = "https://files.pythonhosted.org/packages/71/e0/fb22f797187d0be2270f83500aab851536101b254bfa1eae10795709d283/pillow-12.2.0-cp314-cp314-macosx_10_15_x86_64.whl", hash = "sha256:2bb4a8d594eacdfc59d9e5ad972aa8afdd48d584ffd5f13a937a664c3e7db0ed", size = 5312185, upload-time = "2026-04-01T14:44:56.039Z" },
    { url = "https://files.pythonhosted.org/packages/ba/8c/1a9e46228571de18f8e28f16fabdfc20212a5d019f3e3303452b3f0a580d/pillow-12.2.0-cp314-cp314-macosx_11_0_arm64.whl", hash = "sha256:80b2da48193b2f33ed0c32c38140f9d3186583ce7d516526d462645fd98660ae", size = 4695386, upload-time = "2026-04-01T14:44:58.663Z" },
    { url = "https://files.pythonhosted.org/packages/70/62/98f6b7f0c88b9addd0e87c217ded307b36be024d4ff8869a812b241d1345/pillow-12.2.0-cp314-cp314-manylinux2014_aarch64.manylinux_2_17_aarch64.whl", hash = "sha256:22db17c68434de69d8ecfc2fe821569195c0c373b25cccb9cbdacf2c6e53c601", size = 6280384, upload-time = "2026-04-01T14:45:01.5Z" },
    { url = "https://files.pythonhosted.org/packages/5e/03/688747d2e91cfbe0e64f316cd2e8005698f76ada3130d0194664174fa5de/pillow-12.2.0-cp314-cp314-manylinux2014_x86_64.manylinux_2_17_x86_64.whl", hash = "sha256:7b14cc0106cd9aecda615dd6903840a058b4700fcb817687d0ee4fc8b6e389be", size = 8091599, upload-time = "2026-04-01T14:45:04.5Z" },
    { url = "https://files.pythonhosted.org/packages/f6/35/577e22b936fcdd66537329b33af0b4ccfefaeabd8aec04b266528cddb33c/pillow-12.2.0-cp314-cp314-manylinux_2_27_aarch64.manylinux_2_28_aarch64.whl", hash = "sha256:8cbeb542b2ebc6fcdacabf8aca8c1a97c9b3ad3927d46b8723f9d4f033288a0f", size = 6396021, upload-time = "2026-04-01T14:45:07.117Z" },
    { url = "https://files.pythonhosted.org/packages/11/8d/d2532ad2a603ca2b93ad9f5135732124e57811d0168155852f37fbce2458/pillow-12.2.0-cp314-cp314-manylinux_2_27_x86_64.manylinux_2_28_x86_64.whl", hash = "sha256:4bfd07bc812fbd20395212969e41931001fd59eb55a60658b0e5710872e95286", size = 7083360, upload-time = "2026-04-01T14:45:09.763Z" },
    { url = "https://files.pythonhosted.org/packages/5e/26/d325f9f56c7e039034897e7380e9cc202b1e368bfd04d4cbe6a441f02885/pillow-12.2.0-cp314-cp314-musllinux_1_2_aarch64.whl", hash = "sha256:9aba9a17b623ef750a4d11b742cbafffeb48a869821252b30ee21b5e91392c50", size = 6507628, upload-time = "2026-04-01T14:45:12.378Z" },
    { url = "https://files.pythonhosted.org/packages/5f/f7/769d5632ffb0988f1c5e7660b3e731e30f7f8ec4318e94d0a5d674eb65a4/pillow-12.2.0-cp314-cp314-musllinux_1_2_x86_64.whl", hash = "sha256:deede7c263feb25dba4e82ea23058a235dcc2fe1f6021025dc71f2b618e26104", size = 7209321, upload-time = "2026-04-01T14:45:15.122Z" },
    { url = "https://files.pythonhosted.org/packages/6a/7a/c253e3c645cd47f1aceea6a8bacdba9991bf45bb7dfe927f7c893e89c93c/pillow-12.2.0-cp314-cp314-win32.whl", hash = "sha256:632ff19b2778e43162304d50da0181ce24ac5bb8180122cbe1bf4673428328c7", size = 6479723, upload-time = "2026-04-01T14:45:17.797Z" },
    { url = "https://files.pythonhosted.org/packages/cd/8b/601e6566b957ca50e28725cb6c355c59c2c8609751efbecd980db44e0349/pillow-12.2.0-cp314-cp314-win_amd64.whl", hash = "sha256:4e6c62e9d237e9b65fac06857d511e90d8461a32adcc1b9065ea0c0fa3a28150", size = 7217400, upload-time = "2026-04-01T14:45:20.529Z" },
    { url = "https://files.pythonhosted.org/packages/d6/94/220e46c73065c3e2951bb91c11a1fb636c8c9ad427ac3ce7d7f3359b9b2f/pillow-12.2.0-cp314-cp314-win_arm64.whl", hash = "sha256:b1c1fbd8a5a1af3412a0810d060a78b5136ec0836c8a4ef9aa11807f2a22f4e1", size = 2554835, upload-time = "2026-04-01T14:45:23.162Z" },
    { url = "https://files.pythonhosted.org/packages/b6/ab/1b426a3974cb0e7da5c29ccff4807871d48110933a57207b5a676cccc155/pillow-12.2.0-cp314-cp314t-macosx_10_15_x86_64.whl", hash = "sha256:57850958fe9c751670e49b2cecf6294acc99e562531f4bd317fa5ddee2068463", size = 5314225, upload-time = "2026-04-01T14:45:25.637Z" },
    { url = "https://files.pythonhosted.org/packages/19/1e/dce46f371be2438eecfee2a1960ee2a243bbe5e961890146d2dee1ff0f12/pillow-12.2.0-cp314-cp314t-macosx_11_0_arm64.whl", hash = "sha256:d5d38f1411c0ed9f97bcb49b7bd59b6b7c314e0e27420e34d99d844b9ce3b6f3", size = 4698541, upload-time = "2026-04-01T14:45:28.355Z" },
    { url = "https://files.pythonhosted.org/packages/55/c3/7fbecf70adb3a0c33b77a300dc52e424dc22ad8cdc06557a2e49523b703d/pillow-12.2.0-cp314-cp314t-manylinux2014_aarch64.manylinux_2_17_aarch64.whl", hash = "sha256:5c0a9f29ca8e79f09de89293f82fc9b0270bb4af1d58bc98f540cc4aedf03166", size = 6322251, upload-time = "2026-04-01T14:45:30.924Z" },
    { url = "https://files.pythonhosted.org/packages/1c/3c/7fbc17cfb7e4fe0ef1642e0abc17fc6c94c9f7a16be41498e12e2ba60408/pillow-12.2.0-cp314-cp314t-manylinux2014_x86_64.manylinux_2_17_x86_64.whl", hash = "sha256:1610dd6c61621ae1cf811bef44d77e149ce3f7b95afe66a4512f8c59f25d9ebe", size = 8127807, upload-time = "2026-04-01T14:45:33.908Z" },
    { url = "https://files.pythonhosted.org/packages/ff/c3/a8ae14d6defd2e448493ff512fae903b1e9bd40b72efb6ec55ce0048c8ce/pillow-12.2.0-cp314-cp314t-manylinux_2_27_aarch64.manylinux_2_28_aarch64.whl", hash = "sha256:0a34329707af4f73cf1782a36cd2289c0368880654a2c11f027bcee9052d35dd", size = 6433935, upload-time = "2026-04-01T14:45:36.623Z" },
    { url = "https://files.pythonhosted.org/packages/6e/32/2880fb3a074847ac159d8f902cb43278a61e85f681661e7419e6596803ed/pillow-12.2.0-cp314-cp314t-manylinux_2_27_x86_64.manylinux_2_28_x86_64.whl", hash = "sha256:8e9c4f5b3c546fa3458a29ab22646c1c6c787ea8f5ef51300e5a60300736905e", size = 7116720, upload-time = "2026-04-01T14:45:39.258Z" },
    { url = "https://files.pythonhosted.org/packages/46/87/495cc9c30e0129501643f24d320076f4cc54f718341df18cc70ec94c44e1/pillow-12.2.0-cp314-cp314t-musllinux_1_2_aarch64.whl", hash = "sha256:fb043ee2f06b41473269765c2feae53fc2e2fbf96e5e22ca94fb5ad677856f06", size = 6540498, upload-time = "2026-04-01T14:45:41.879Z" },
    { url = "https://files.pythonhosted.org/packages/18/53/773f5edca692009d883a72211b60fdaf8871cbef075eaa9d577f0a2f989e/pillow-12.2.0-cp314-cp314t-musllinux_1_2_x86_64.whl", hash = "sha256:f278f034eb75b4e8a13a54a876cc4a5ab39173d2cdd93a638e1b467fc545ac43", size = 7239413, upload-time = "2026-04-01T14:45:44.705Z" },
    { url = "https://files.pythonhosted.org/packages/c9/e4/4b64a97d71b2a83158134abbb2f5bd3f8a2ea691361282f010998f339ec7/pillow-12.2.0-cp314-cp314t-win32.whl", hash = "sha256:6bb77b2dcb06b20f9f4b4a8454caa581cd4dd0643a08bacf821216a16d9c8354", size = 6482084, upload-time = "2026-04-01T14:45:47.568Z" },
    { url = "https://files.pythonhosted.org/packages/ba/13/306d275efd3a3453f72114b7431c877d10b1154014c1ebbedd067770d629/pillow-12.2.0-cp314-cp314t-win_amd64.whl", hash = "sha256:6562ace0d3fb5f20ed7290f1f929cae41b25ae29528f2af1722966a0a02e2aa1", size = 7225152, upload-time = "2026-04-01T14:45:50.032Z" },
    { url = "https://files.pythonhosted.org/packages/ff/6e/cf826fae916b8658848d7b9f38d88da6396895c676e8086fc0988073aaf8/pillow-12.2.0-cp314-cp314t-win_arm64.whl", hash = "sha256:aa88ccfe4e32d362816319ed727a004423aab09c5cea43c01a4b435643fa34eb", size = 2556579, upload-time = "2026-04-01T14:45:52.529Z" },
]

[[package]]
name = "pycryptodome"
version = "3.23.0"
source = { registry = "https://pypi.org/simple" }
sdist = { url = "https://files.pythonhosted.org/packages/8e/a6/8452177684d5e906854776276ddd34eca30d1b1e15aa1ee9cefc289a33f5/pycryptodome-3.23.0.tar.gz", hash = "sha256:447700a657182d60338bab09fdb27518f8856aecd80ae4c6bdddb67ff5da44ef", size = 4921276, upload-time = "2025-05-17T17:21:45.242Z" }
wheels = [
    { url = "https://files.pythonhosted.org/packages/04/5d/bdb09489b63cd34a976cc9e2a8d938114f7a53a74d3dd4f125ffa49dce82/pycryptodome-3.23.0-cp313-cp313t-macosx_10_13_universal2.whl", hash = "sha256:0011f7f00cdb74879142011f95133274741778abba114ceca229adbf8e62c3e4", size = 2495152, upload-time = "2025-05-17T17:20:20.833Z" },
    { url = "https://files.pythonhosted.org/packages/a7/ce/7840250ed4cc0039c433cd41715536f926d6e86ce84e904068eb3244b6a6/pycryptodome-3.23.0-cp313-cp313t-macosx_10_13_x86_64.whl", hash = "sha256:90460fc9e088ce095f9ee8356722d4f10f86e5be06e2354230a9880b9c549aae", size = 1639348, upload-time = "2025-05-17T17:20:23.171Z" },
    { url = "https://files.pythonhosted.org/packages/ee/f0/991da24c55c1f688d6a3b5a11940567353f74590734ee4a64294834ae472/pycryptodome-3.23.0-cp313-cp313t-manylinux_2_17_aarch64.manylinux2014_aarch64.whl", hash = "sha256:4764e64b269fc83b00f682c47443c2e6e85b18273712b98aa43bcb77f8570477", size = 2184033, upload-time = "2025-05-17T17:20:25.424Z" },
    { url = "https://files.pythonhosted.org/packages/54/16/0e11882deddf00f68b68dd4e8e442ddc30641f31afeb2bc25588124ac8de/pycryptodome-3.23.0-cp313-cp313t-manylinux_2_17_x86_64.manylinux2014_x86_64.whl", hash = "sha256:eb8f24adb74984aa0e5d07a2368ad95276cf38051fe2dc6605cbcf482e04f2a7", size = 2270142, upload-time = "2025-05-17T17:20:27.808Z" },
    { url = "https://files.pythonhosted.org/packages/d5/fc/4347fea23a3f95ffb931f383ff28b3f7b1fe868739182cb76718c0da86a1/pycryptodome-3.23.0-cp313-cp313t-manylinux_2_5_i686.manylinux1_i686.manylinux_2_17_i686.manylinux2014_i686.whl", hash = "sha256:d97618c9c6684a97ef7637ba43bdf6663a2e2e77efe0f863cce97a76af396446", size = 2309384, upload-time = "2025-05-17T17:20:30.765Z" },
    { url = "https://files.pythonhosted.org/packages/6e/d9/c5261780b69ce66d8cfab25d2797bd6e82ba0241804694cd48be41add5eb/pycryptodome-3.23.0-cp313-cp313t-musllinux_1_2_aarch64.whl", hash = "sha256:9a53a4fe5cb075075d515797d6ce2f56772ea7e6a1e5e4b96cf78a14bac3d265", size = 2183237, upload-time = "2025-05-17T17:20:33.736Z" },
    { url = "https://files.pythonhosted.org/packages/5a/6f/3af2ffedd5cfa08c631f89452c6648c4d779e7772dfc388c77c920ca6bbf/pycryptodome-3.23.0-cp313-cp313t-musllinux_1_2_i686.whl", hash = "sha256:763d1d74f56f031788e5d307029caef067febf890cd1f8bf61183ae142f1a77b", size = 2343898, upload-time = "2025-05-17T17:20:36.086Z" },
    { url = "https://files.pythonhosted.org/packages/9a/dc/9060d807039ee5de6e2f260f72f3d70ac213993a804f5e67e0a73a56dd2f/pycryptodome-3.23.0-cp313-cp313t-musllinux_1_2_x86_64.whl", hash = "sha256:954af0e2bd7cea83ce72243b14e4fb518b18f0c1649b576d114973e2073b273d", size = 2269197, upload-time = "2025-05-17T17:20:38.414Z" },
    { url = "https://files.pythonhosted.org/packages/f9/34/e6c8ca177cb29dcc4967fef73f5de445912f93bd0343c9c33c8e5bf8cde8/pycryptodome-3.23.0-cp313-cp313t-win32.whl", hash = "sha256:257bb3572c63ad8ba40b89f6fc9d63a2a628e9f9708d31ee26560925ebe0210a", size = 1768600, upload-time = "2025-05-17T17:20:40.688Z" },
    { url = "https://files.pythonhosted.org/packages/e4/1d/89756b8d7ff623ad0160f4539da571d1f594d21ee6d68be130a6eccb39a4/pycryptodome-3.23.0-cp313-cp313t-win_amd64.whl", hash = "sha256:6501790c5b62a29fcb227bd6b62012181d886a767ce9ed03b303d1f22eb5c625", size = 1799740, upload-time = "2025-05-17T17:20:42.413Z" },
    { url = "https://files.pythonhosted.org/packages/5d/61/35a64f0feaea9fd07f0d91209e7be91726eb48c0f1bfc6720647194071e4/pycryptodome-3.23.0-cp313-cp313t-win_arm64.whl", hash = "sha256:9a77627a330ab23ca43b48b130e202582e91cc69619947840ea4d2d1be21eb39", size = 1703685, upload-time = "2025-05-17T17:20:44.388Z" },
    { url = "https://files.pythonhosted.org/packages/db/6c/a1f71542c969912bb0e106f64f60a56cc1f0fabecf9396f45accbe63fa68/pycryptodome-3.23.0-cp37-abi3-macosx_10_9_universal2.whl", hash = "sha256:187058ab80b3281b1de11c2e6842a357a1f71b42cb1e15bce373f3d238135c27", size = 2495627, upload-time = "2025-05-17T17:20:47.139Z" },
    { url = "https://files.pythonhosted.org/packages/6e/4e/a066527e079fc5002390c8acdd3aca431e6ea0a50ffd7201551175b47323/pycryptodome-3.23.0-cp37-abi3-macosx_10_9_x86_64.whl", hash = "sha256:cfb5cd445280c5b0a4e6187a7ce8de5a07b5f3f897f235caa11f1f435f182843", size = 1640362, upload-time = "2025-05-17T17:20:50.392Z" },
    { url = "https://files.pythonhosted.org/packages/50/52/adaf4c8c100a8c49d2bd058e5b551f73dfd8cb89eb4911e25a0c469b6b4e/pycryptodome-3.23.0-cp37-abi3-manylinux_2_17_aarch64.manylinux2014_aarch64.whl", hash = "sha256:67bd81fcbe34f43ad9422ee8fd4843c8e7198dd88dd3d40e6de42ee65fbe1490", size = 2182625, upload-time = "2025-05-17T17:20:52.866Z" },
    { url = "https://files.pythonhosted.org/packages/5f/e9/a09476d436d0ff1402ac3867d933c61805ec2326c6ea557aeeac3825604e/pycryptodome-3.23.0-cp37-abi3-manylinux_2_17_x86_64.manylinux2014_x86_64.whl", hash = "sha256:c8987bd3307a39bc03df5c8e0e3d8be0c4c3518b7f044b0f4c15d1aa78f52575", size = 2268954, upload-time = "2025-05-17T17:20:55.027Z" },
    { url = "https://files.pythonhosted.org/packages/f9/c5/ffe6474e0c551d54cab931918127c46d70cab8f114e0c2b5a3c071c2f484/pycryptodome-3.23.0-cp37-abi3-manylinux_2_5_i686.manylinux1_i686.manylinux_2_17_i686.manylinux2014_i686.whl", hash = "sha256:aa0698f65e5b570426fc31b8162ed4603b0c2841cbb9088e2b01641e3065915b", size = 2308534, upload-time = "2025-05-17T17:20:57.279Z" },
    { url = "https://files.pythonhosted.org/packages/18/28/e199677fc15ecf43010f2463fde4c1a53015d1fe95fb03bca2890836603a/pycryptodome-3.23.0-cp37-abi3-musllinux_1_2_aarch64.whl", hash = "sha256:53ecbafc2b55353edcebd64bf5da94a2a2cdf5090a6915bcca6eca6cc452585a", size = 2181853, upload-time = "2025-05-17T17:20:59.322Z" },
    { url = "https://files.pythonhosted.org/packages/ce/ea/4fdb09f2165ce1365c9eaefef36625583371ee514db58dc9b65d3a255c4c/pycryptodome-3.23.0-cp37-abi3-musllinux_1_2_i686.whl", hash = "sha256:156df9667ad9f2ad26255926524e1c136d6664b741547deb0a86a9acf5ea631f", size = 2342465, upload-time = "2025-05-17T17:21:03.83Z" },
    { url = "https://files.pythonhosted.org/packages/22/82/6edc3fc42fe9284aead511394bac167693fb2b0e0395b28b8bedaa07ef04/pycryptodome-3.23.0-cp37-abi3-musllinux_1_2_x86_64.whl", hash = "sha256:dea827b4d55ee390dc89b2afe5927d4308a8b538ae91d9c6f7a5090f397af1aa", size = 2267414, upload-time = "2025-05-17T17:21:06.72Z" },
    { url = "https://files.pythonhosted.org/packages/59/fe/aae679b64363eb78326c7fdc9d06ec3de18bac68be4b612fc1fe8902693c/pycryptodome-3.23.0-cp37-abi3-win32.whl", hash = "sha256:507dbead45474b62b2bbe318eb1c4c8ee641077532067fec9c1aa82c31f84886", size = 1768484, upload-time = "2025-05-17T17:21:08.535Z" },
    { url = "https://files.pythonhosted.org/packages/54/2f/e97a1b8294db0daaa87012c24a7bb714147c7ade7656973fd6c736b484ff/pycryptodome-3.23.0-cp37-abi3-win_amd64.whl", hash = "sha256:c75b52aacc6c0c260f204cbdd834f76edc9fb0d8e0da9fbf8352ef58202564e2", size = 1799636, upload-time = "2025-05-17T17:21:10.393Z" },
    { url = "https://files.pythonhosted.org/packages/18/3d/f9441a0d798bf2b1e645adc3265e55706aead1255ccdad3856dbdcffec14/pycryptodome-3.23.0-cp37-abi3-win_arm64.whl", hash = "sha256:11eeeb6917903876f134b56ba11abe95c0b0fd5e3330def218083c7d98bbcb3c", size = 1703675, upload-time = "2025-05-17T17:21:13.146Z" },
]

[[package]]
name = "pypdf"
version = "6.12.2"
source = { registry = "https://pypi.org/simple" }
sdist = { url = "https://files.pythonhosted.org/packages/0a/6d/20879428577c1e57ecd41b69dc86beabf43db9287ad2e702207f8b48c751/pypdf-6.12.2.tar.gz", hash = "sha256:111669eb6680c04495ae0c113a1476e3bf93a95761d23c7406b591c80a6490b1", size = 6468184, upload-time = "2026-05-26T13:31:26.911Z" }
wheels = [
    { url = "https://files.pythonhosted.org/packages/9e/44/fee070a16639d9869bb6a7e0f3a1b3946da1d66f32b9260b4d19cb90d7b2/pypdf-6.12.2-py3-none-any.whl", hash = "sha256:67b2699357a1f3f4c945940ea80826349ee507c9e2577724a14b4941982c104d", size = 343865, upload-time = "2026-05-26T13:31:25.068Z" },
]

[[package]]
name = "qrcode"
version = "8.2"
source = { registry = "https://pypi.org/simple" }
dependencies = [
    { name = "colorama", marker = "sys_platform == 'win32'" },
]
sdist = { url = "https://files.pythonhosted.org/packages/8f/b2/7fc2931bfae0af02d5f53b174e9cf701adbb35f39d69c2af63d4a39f81a9/qrcode-8.2.tar.gz", hash = "sha256:35c3f2a4172b33136ab9f6b3ef1c00260dd2f66f858f24d88418a015f446506c", size = 43317, upload-time = "2025-05-01T15:44:24.726Z" }
wheels = [
    { url = "https://files.pythonhosted.org/packages/dd/b8/d2d6d731733f51684bbf76bf34dab3b70a9148e8f2cef2bb544fccec681a/qrcode-8.2-py3-none-any.whl", hash = "sha256:16e64e0716c14960108e85d853062c9e8bba5ca8252c0b4d0231b9df4060ff4f", size = 45986, upload-time = "2025-05-01T15:44:22.781Z" },
]

[package.optional-dependencies]
pil = [
    { name = "pillow" },
]

[[package]]
name = "reportlab"
version = "4.5.1"
source = { registry = "https://pypi.org/simple" }
dependencies = [
    { name = "charset-normalizer" },
    { name = "pillow" },
]
sdist = { url = "https://files.pythonhosted.org/packages/4d/3f/b3861b7e40c9d66f4a04e018958d681d16b948bfd1963c962d43a8c23f66/reportlab-4.5.1.tar.gz", hash = "sha256:9fdf68f4de9171ec66acb4a5feed8f8ca2af43479e707a6fbb0daa75d88e5494", size = 3939748, upload-time = "2026-05-12T10:14:13.663Z" }
wheels = [
    { url = "https://files.pythonhosted.org/packages/a7/45/ea7fad10122440de6e845568d106bffdc456ca0e8a1d8ae10b46016087e4/reportlab-4.5.1-py3-none-any.whl", hash = "sha256:06fce8cb56c83307cfa4909cdf4e6a2ddbb44e5d6ef4d2edca896d7e9769f091", size = 1957812, upload-time = "2026-05-12T10:14:10.622Z" },
]

[[package]]
name = "six"
version = "1.17.0"
source = { registry = "https://pypi.org/simple" }
sdist = { url = "https://files.pythonhosted.org/packages/94/e7/b2c673351809dca68a0e064b6af791aa332cf192da575fd474ed7d6f16a2/six-1.17.0.tar.gz", hash = "sha256:ff70335d468e7eb6ec65b95b99d3a2836546063f63acc5171de367e834932a81", size = 34031, upload-time = "2024-12-04T17:35:28.174Z" }
wheels = [
    { url = "https://files.pythonhosted.org/packages/b7/ce/149a00dd41f10bc29e5921b496af8b574d8413afcd5e30dfa0ed46c2cc5e/six-1.17.0-py2.py3-none-any.whl", hash = "sha256:4721f391ed90541fddacab5acf947aa0d3dc7d27b2e1e8eda2be8970586c3274", size = 11050, upload-time = "2024-12-04T17:35:26.475Z" },
]

[[package]]
name = "stirling-pdf-cucumber-tests"
version = "0.0.0"
source = { virtual = "." }
dependencies = [
    { name = "behave" },
    { name = "behave-html-formatter" },
    { name = "pycryptodome" },
    { name = "pypdf" },
    { name = "qrcode", extra = ["pil"] },
    { name = "reportlab" },
]

[package.metadata]
requires-dist = [
    { name = "behave", specifier = ">=1.3.3" },
    { name = "behave-html-formatter", specifier = ">=0.9.10" },
    { name = "pycryptodome", specifier = ">=3.23.0" },
    { name = "pypdf", specifier = ">=6.12.2" },
    { name = "qrcode", extras = ["pil"], specifier = ">=8.2" },
    { name = "reportlab", specifier = ">=4.5.1" },
]
